
Microsoft Visual Studio Solution File, Format Version 12.00
# Visual Studio 15
VisualStudioVersion = 15.0.27703.2000
MinimumVisualStudioVersion = 10.0.40219.1
Project("{2150E333-8FDC-42A3-9474-1A3956D46DE8}") = "src", "src", "{3E896075-BEB1-4534-ABC2-DE81E6A6FCD8}"
EndProject
Project("{FAE04EC0-301F-11D3-BF4B-00C04F79EFBC}") = "ASPNETCore_SignalR_Angular_TypeScript", "ASPNETCore-SignalR-Angular-TypeScript\ASPNETCore_SignalR_Angular_TypeScript.csproj", "{716372C1-7226-44CD-B98E-90681BAA3CA8}"
EndProject
Global
	GlobalSection(SolutionConfigurationPlatforms) = preSolution
		Debug|Any CPU = Debug|Any CPU
		Release|Any CPU = Release|Any CPU
	EndGlobalSection
	GlobalSection(ProjectConfigurationPlatforms) = postSolution
		{716372C1-7226-44CD-B98E-90681BAA3CA8}.Debug|Any CPU.ActiveCfg = Debug|Any CPU
		{716372C1-7226-44CD-B98E-90681BAA3CA8}.Debug|Any CPU.Build.0 = Debug|Any CPU
		{716372C1-7226-44CD-B98E-90681BAA3CA8}.Release|Any CPU.ActiveCfg = Release|Any CPU
		{716372C1-7226-44CD-B98E-90681BAA3CA8}.Release|Any CPU.Build.0 = Release|Any CPU
	EndGlobalSection
	GlobalSection(SolutionProperties) = preSolution
		HideSolutionNode = FALSE
	EndGlobalSection
	GlobalSection(NestedProjects) = preSolution
		{716372C1-7226-44CD-B98E-90681BAA3CA8} = {3E896075-BEB1-4534-ABC2-DE81E6A6FCD8}
	EndGlobalSection
	GlobalSection(ExtensibilityGlobals) = postSolution
		SolutionGuid = {CCAE0C42-94CE-4726-A45F-0385A702D47F}
	EndGlobalSection
EndGlobal
