{
  "name": "ASPNETCore-SignalR-Angular-TypeScript",
  "version": "1.0.0",
  "lockfileVersion": 1,
  "requires": true,
  "dependencies": {
    "@aspnet/signalr": {
      "version": "1.0.0-rc1-update1",
      "resolved": "https://registry.npmjs.org/@aspnet/signalr/-/signalr-1.0.0-rc1-update1.tgz",
      "integrity": "sha512-6GBJTho/CZfv1ZHninq7ckBGhm6DPK5wGuzc5IZq6v1Rj6Ua9htvVAVXxAbTaIHzu+iEXJI+Ms4EP8DVcGeQYg=="
    },
    "@ng-bootstrap/ng-bootstrap": {
      "version": "2.0.0",
      "resolved": "https://registry.npmjs.org/@ng-bootstrap/ng-bootstrap/-/ng-bootstrap-2.0.0.tgz",
      "integrity": "sha512-t4QZ3es/u/yB6QchmyJemJbdtrVH4FtenlKgHJZ8095IOeKy8YVXgUwBqyLLZdU2JAwkOESmEns5ESciJHR18Q=="
    }
  }
}
